
Microsoft Visual Studio Solution File, Format Version 12.00
# Visual Studio Version 16
VisualStudioVersion = 16.0.29306.81
MinimumVisualStudioVersion = 10.0.40219.1
Project("{FAE04EC0-301F-11D3-BF4B-00C04F79EFBC}") = "ContinuationsAndTasks", "ContinuationsAndTasks\ContinuationsAndTasks.csproj", "{26EF2061-904F-482E-9ACE-5C9D8D274C06}"
EndProject
Global
	GlobalSection(SolutionConfigurationPlatforms) = preSolution
		Debug|Any CPU = Debug|Any CPU
		Release|Any CPU = Release|Any CPU
	EndGlobalSection
	GlobalSection(ProjectConfigurationPlatforms) = postSolution
		{26EF2061-904F-482E-9ACE-5C9D8D274C06}.Debug|Any CPU.ActiveCfg = Debug|Any CPU
		{26EF2061-904F-482E-9ACE-5C9D8D274C06}.Debug|Any CPU.Build.0 = Debug|Any CPU
		{26EF2061-904F-482E-9ACE-5C9D8D274C06}.Release|Any CPU.ActiveCfg = Release|Any CPU
		{26EF2061-904F-482E-9ACE-5C9D8D274C06}.Release|Any CPU.Build.0 = Release|Any CPU
	EndGlobalSection
	GlobalSection(SolutionProperties) = preSolution
		HideSolutionNode = FALSE
	EndGlobalSection
	GlobalSection(ExtensibilityGlobals) = postSolution
		SolutionGuid = {AE964BE6-9EA5-46D9-A613-296BE05DB92E}
	EndGlobalSection
EndGlobal
